// !$*UTF8*$!
{
	archiveVersion = 1;
	classes = {
	};
	objectVersion = 55;
	objects = {

/* Begin PBXBuildFile section */
		AB3F944A2856500E0015F1FB /* TotalDataView.swift in Sources */ = {isa = PBXBuildFile; fileRef = AB3F94492856500E0015F1FB /* TotalDataView.swift */; };
		AB3F944C2856502A0015F1FB /* DataCardView.swift in Sources */ = {isa = PBXBuildFile; fileRef = AB3F944B2856502A0015F1FB /* DataCardView.swift */; };
		AB3F944E2856545E0015F1FB /* Extension+Int.swift in Sources */ = {isa = PBXBuildFile; fileRef = AB3F944D2856545E0015F1FB /* Extension+Int.swift */; };
		AB5C8D692854D87600202146 /* CovStatsApp.swift in Sources */ = {isa = PBXBuildFile; fileRef = AB5C8D682854D87600202146 /* CovStatsApp.swift */; };
		AB5C8D6B2854D87600202146 /* ContentView.swift in Sources */ = {isa = PBXBuildFile; fileRef = AB5C8D6A2854D87600202146 /* ContentView.swift */; };
		AB5C8D6D2854D87700202146 /* Assets.xcassets in Resources */ = {isa = PBXBuildFile; fileRef = AB5C8D6C2854D87700202146 /* Assets.xcassets */; };
		AB5C8D702854D87700202146 /* Preview Assets.xcassets in Resources */ = {isa = PBXBuildFile; fileRef = AB5C8D6F2854D87700202146 /* Preview Assets.xcassets */; };
		AB74717328571613009E733C /* ReportView.swift in Sources */ = {isa = PBXBuildFile; fileRef = AB74717228571613009E733C /* ReportView.swift */; };
		AB84CFF32855BC50001BFBE5 /* CovStatsAPI.swift in Sources */ = {isa = PBXBuildFile; fileRef = AB84CFF22855BC50001BFBE5 /* CovStatsAPI.swift */; };
		AB84CFF52855C598001BFBE5 /* TotalData.swift in Sources */ = {isa = PBXBuildFile; fileRef = AB84CFF42855C598001BFBE5 /* TotalData.swift */; };
		AB84CFF72855C83F001BFBE5 /* CustomError.swift in Sources */ = {isa = PBXBuildFile; fileRef = AB84CFF62855C83F001BFBE5 /* CustomError.swift */; };
		AB84CFF92855D0AF001BFBE5 /* Regions.swift in Sources */ = {isa = PBXBuildFile; fileRef = AB84CFF82855D0AF001BFBE5 /* Regions.swift */; };
		AB84CFFB2855D662001BFBE5 /* Report.swift in Sources */ = {isa = PBXBuildFile; fileRef = AB84CFFA2855D662001BFBE5 /* Report.swift */; };
		ABACD07C28570CBE00C9402B /* SearchBarView.swift in Sources */ = {isa = PBXBuildFile; fileRef = ABACD07B28570CBE00C9402B /* SearchBarView.swift */; };
		ABACD07F2857106D00C9402B /* CountryDetailView.swift in Sources */ = {isa = PBXBuildFile; fileRef = ABACD07E2857106D00C9402B /* CountryDetailView.swift */; };
		ABACD081285710E700C9402B /* CountryDetailViewModel.swift in Sources */ = {isa = PBXBuildFile; fileRef = ABACD080285710E700C9402B /* CountryDetailViewModel.swift */; };
		ABCEC0F528571E9A007F573A /* LocalFileManager.swift in Sources */ = {isa = PBXBuildFile; fileRef = ABCEC0F428571E9A007F573A /* LocalFileManager.swift */; };
		ABCEC0F7285727BA007F573A /* AlertItem.swift in Sources */ = {isa = PBXBuildFile; fileRef = ABCEC0F6285727BA007F573A /* AlertItem.swift */; };
		ABF0CB072856454F00DCEECC /* MainViewModel.swift in Sources */ = {isa = PBXBuildFile; fileRef = ABF0CB062856454F00DCEECC /* MainViewModel.swift */; };
/* End PBXBuildFile section */

/* Begin PBXFileReference section */
		AB3F94492856500E0015F1FB /* TotalDataView.swift */ = {isa = PBXFileReference; lastKnownFileType = sourcecode.swift; path = TotalDataView.swift; sourceTree = "<group>"; };
		AB3F944B2856502A0015F1FB /* DataCardView.swift */ = {isa = PBXFileReference; lastKnownFileType = sourcecode.swift; path = DataCardView.swift; sourceTree = "<group>"; };
		AB3F944D2856545E0015F1FB /* Extension+Int.swift */ = {isa = PBXFileReference; lastKnownFileType = sourcecode.swift; path = "Extension+Int.swift"; sourceTree = "<group>"; };
		AB5C8D652854D87600202146 /* CovStats.app */ = {isa = PBXFileReference; explicitFileType = wrapper.application; includeInIndex = 0; path = CovStats.app; sourceTree = BUILT_PRODUCTS_DIR; };
		AB5C8D682854D87600202146 /* CovStatsApp.swift */ = {isa = PBXFileReference; lastKnownFileType = sourcecode.swift; path = CovStatsApp.swift; sourceTree = "<group>"; };
		AB5C8D6A2854D87600202146 /* ContentView.swift */ = {isa = PBXFileReference; lastKnownFileType = sourcecode.swift; path = ContentView.swift; sourceTree = "<group>"; };
		AB5C8D6C2854D87700202146 /* Assets.xcassets */ = {isa = PBXFileReference; lastKnownFileType = folder.assetcatalog; path = Assets.xcassets; sourceTree = "<group>"; };
		AB5C8D6F2854D87700202146 /* Preview Assets.xcassets */ = {isa = PBXFileReference; lastKnownFileType = folder.assetcatalog; path = "Preview Assets.xcassets"; sourceTree = "<group>"; };
		AB74717228571613009E733C /* ReportView.swift */ = {isa = PBXFileReference; lastKnownFileType = sourcecode.swift; path = ReportView.swift; sourceTree = "<group>"; };
		AB84CFF22855BC50001BFBE5 /* CovStatsAPI.swift */ = {isa = PBXFileReference; lastKnownFileType = sourcecode.swift; path = CovStatsAPI.swift; sourceTree = "<group>"; };
		AB84CFF42855C598001BFBE5 /* TotalData.swift */ = {isa = PBXFileReference; lastKnownFileType = sourcecode.swift; path = TotalData.swift; sourceTree = "<group>"; };
		AB84CFF62855C83F001BFBE5 /* CustomError.swift */ = {isa = PBXFileReference; lastKnownFileType = sourcecode.swift; path = CustomError.swift; sourceTree = "<group>"; };
		AB84CFF82855D0AF001BFBE5 /* Regions.swift */ = {isa = PBXFileReference; lastKnownFileType = sourcecode.swift; path = Regions.swift; sourceTree = "<group>"; };
		AB84CFFA2855D662001BFBE5 /* Report.swift */ = {isa = PBXFileReference; lastKnownFileType = sourcecode.swift; path = Report.swift; sourceTree = "<group>"; };
		ABACD07B28570CBE00C9402B /* SearchBarView.swift */ = {isa = PBXFileReference; lastKnownFileType = sourcecode.swift; path = SearchBarView.swift; sourceTree = "<group>"; };
		ABACD07E2857106D00C9402B /* CountryDetailView.swift */ = {isa = PBXFileReference; lastKnownFileType = sourcecode.swift; path = CountryDetailView.swift; sourceTree = "<group>"; };
		ABACD080285710E700C9402B /* CountryDetailViewModel.swift */ = {isa = PBXFileReference; lastKnownFileType = sourcecode.swift; path = CountryDetailViewModel.swift; sourceTree = "<group>"; };
		ABCEC0F428571E9A007F573A /* LocalFileManager.swift */ = {isa = PBXFileReference; lastKnownFileType = sourcecode.swift; path = LocalFileManager.swift; sourceTree = "<group>"; };
		ABCEC0F6285727BA007F573A /* AlertItem.swift */ = {isa = PBXFileReference; lastKnownFileType = sourcecode.swift; path = AlertItem.swift; sourceTree = "<group>"; };
		ABF0CB062856454F00DCEECC /* MainViewModel.swift */ = {isa = PBXFileReference; lastKnownFileType = sourcecode.swift; path = MainViewModel.swift; sourceTree = "<group>"; };
/* End PBXFileReference section */

/* Begin PBXFrameworksBuildPhase section */
		AB5C8D622854D87600202146 /* Frameworks */ = {
			isa = PBXFrameworksBuildPhase;
			buildActionMask = 2147483647;
			files = (
			);
			runOnlyForDeploymentPostprocessing = 0;
		};
/* End PBXFrameworksBuildPhase section */

/* Begin PBXGroup section */
		AB5C8D5C2854D87600202146 = {
			isa = PBXGroup;
			children = (
				AB5C8D672854D87600202146 /* CovStats */,
				AB5C8D662854D87600202146 /* Products */,
			);
			sourceTree = "<group>";
		};
		AB5C8D662854D87600202146 /* Products */ = {
			isa = PBXGroup;
			children = (
				AB5C8D652854D87600202146 /* CovStats.app */,
			);
			name = Products;
			sourceTree = "<group>";
		};
		AB5C8D672854D87600202146 /* CovStats */ = {
			isa = PBXGroup;
			children = (
				AB5C8D682854D87600202146 /* CovStatsApp.swift */,
				AB5C8D6A2854D87600202146 /* ContentView.swift */,
				AB84CFFD2855DF19001BFBE5 /* API */,
				AB84CFFF2855DF33001BFBE5 /* Errors */,
				ABACD07928570C2E00C9402B /* Extension */,
				AB84CFFC2855DEF4001BFBE5 /* Models */,
				ABACD07D2857105200C9402B /* ViewModels */,
				ABACD07A28570C6800C9402B /* Views */,
				AB5C8D6C2854D87700202146 /* Assets.xcassets */,
				AB5C8D6E2854D87700202146 /* Preview Content */,
			);
			path = CovStats;
			sourceTree = "<group>";
		};
		AB5C8D6E2854D87700202146 /* Preview Content */ = {
			isa = PBXGroup;
			children = (
				AB5C8D6F2854D87700202146 /* Preview Assets.xcassets */,
			);
			path = "Preview Content";
			sourceTree = "<group>";
		};
		AB84CFFC2855DEF4001BFBE5 /* Models */ = {
			isa = PBXGroup;
			children = (
				AB84CFF82855D0AF001BFBE5 /* Regions.swift */,
				AB84CFFA2855D662001BFBE5 /* Report.swift */,
				AB84CFF42855C598001BFBE5 /* TotalData.swift */,
			);
			path = Models;
			sourceTree = "<group>";
		};
		AB84CFFD2855DF19001BFBE5 /* API */ = {
			isa = PBXGroup;
			children = (
				AB84CFF22855BC50001BFBE5 /* CovStatsAPI.swift */,
				ABCEC0F428571E9A007F573A /* LocalFileManager.swift */,
			);
			path = API;
			sourceTree = "<group>";
		};
		AB84CFFF2855DF33001BFBE5 /* Errors */ = {
			isa = PBXGroup;
			children = (
				AB84CFF62855C83F001BFBE5 /* CustomError.swift */,
				ABCEC0F6285727BA007F573A /* AlertItem.swift */,
			);
			path = Errors;
			sourceTree = "<group>";
		};
		ABACD07928570C2E00C9402B /* Extension */ = {
			isa = PBXGroup;
			children = (
				AB3F944D2856545E0015F1FB /* Extension+Int.swift */,
			);
			path = Extension;
			sourceTree = "<group>";
		};
		ABACD07A28570C6800C9402B /* Views */ = {
			isa = PBXGroup;
			children = (
				ABACD07E2857106D00C9402B /* CountryDetailView.swift */,
				AB3F944B2856502A0015F1FB /* DataCardView.swift */,
				ABACD07B28570CBE00C9402B /* SearchBarView.swift */,
				AB3F94492856500E0015F1FB /* TotalDataView.swift */,
				AB74717228571613009E733C /* ReportView.swift */,
			);
			path = Views;
			sourceTree = "<group>";
		};
		ABACD07D2857105200C9402B /* ViewModels */ = {
			isa = PBXGroup;
			children = (
				ABACD080285710E700C9402B /* CountryDetailViewModel.swift */,
				ABF0CB062856454F00DCEECC /* MainViewModel.swift */,
			);
			path = ViewModels;
			sourceTree = "<group>";
		};
/* End PBXGroup section */

/* Begin PBXNativeTarget section */
		AB5C8D642854D87600202146 /* CovStats */ = {
			isa = PBXNativeTarget;
			buildConfigurationList = AB5C8D732854D87700202146 /* Build configuration list for PBXNativeTarget "CovStats" */;
			buildPhases = (
				AB5C8D612854D87600202146 /* Sources */,
				AB5C8D622854D87600202146 /* Frameworks */,
				AB5C8D632854D87600202146 /* Resources */,
			);
			buildRules = (
			);
			dependencies = (
			);
			name = CovStats;
			productName = CovStats;
			productReference = AB5C8D652854D87600202146 /* CovStats.app */;
			productType = "com.apple.product-type.application";
		};
/* End PBXNativeTarget section */

/* Begin PBXProject section */
		AB5C8D5D2854D87600202146 /* Project object */ = {
			isa = PBXProject;
			attributes = {
				BuildIndependentTargetsInParallel = 1;
				LastSwiftUpdateCheck = 1340;
				LastUpgradeCheck = 1340;
				TargetAttributes = {
					AB5C8D642854D87600202146 = {
						CreatedOnToolsVersion = 13.4;
					};
				};
			};
			buildConfigurationList = AB5C8D602854D87600202146 /* Build configuration list for PBXProject "CovStats" */;
			compatibilityVersion = "Xcode 13.0";
			developmentRegion = en;
			hasScannedForEncodings = 0;
			knownRegions = (
				en,
				Base,
			);
			mainGroup = AB5C8D5C2854D87600202146;
			productRefGroup = AB5C8D662854D87600202146 /* Products */;
			projectDirPath = "";
			projectRoot = "";
			targets = (
				AB5C8D642854D87600202146 /* CovStats */,
			);
		};
/* End PBXProject section */

/* Begin PBXResourcesBuildPhase section */
		AB5C8D632854D87600202146 /* Resources */ = {
			isa = PBXResourcesBuildPhase;
			buildActionMask = 2147483647;
			files = (
				AB5C8D702854D87700202146 /* Preview Assets.xcassets in Resources */,
				AB5C8D6D2854D87700202146 /* Assets.xcassets in Resources */,
			);
			runOnlyForDeploymentPostprocessing = 0;
		};
/* End PBXResourcesBuildPhase section */

/* Begin PBXSourcesBuildPhase section */
		AB5C8D612854D87600202146 /* Sources */ = {
			isa = PBXSourcesBuildPhase;
			buildActionMask = 2147483647;
			files = (
				AB3F944E2856545E0015F1FB /* Extension+Int.swift in Sources */,
				AB84CFF72855C83F001BFBE5 /* CustomError.swift in Sources */,
				AB84CFF92855D0AF001BFBE5 /* Regions.swift in Sources */,
				AB3F944C2856502A0015F1FB /* DataCardView.swift in Sources */,
				ABACD07F2857106D00C9402B /* CountryDetailView.swift in Sources */,
				ABACD07C28570CBE00C9402B /* SearchBarView.swift in Sources */,
				ABACD081285710E700C9402B /* CountryDetailViewModel.swift in Sources */,
				ABCEC0F528571E9A007F573A /* LocalFileManager.swift in Sources */,
				AB84CFFB2855D662001BFBE5 /* Report.swift in Sources */,
				AB74717328571613009E733C /* ReportView.swift in Sources */,
				AB84CFF52855C598001BFBE5 /* TotalData.swift in Sources */,
				AB5C8D6B2854D87600202146 /* ContentView.swift in Sources */,
				ABCEC0F7285727BA007F573A /* AlertItem.swift in Sources */,
				AB84CFF32855BC50001BFBE5 /* CovStatsAPI.swift in Sources */,
				AB5C8D692854D87600202146 /* CovStatsApp.swift in Sources */,
				ABF0CB072856454F00DCEECC /* MainViewModel.swift in Sources */,
				AB3F944A2856500E0015F1FB /* TotalDataView.swift in Sources */,
			);
			runOnlyForDeploymentPostprocessing = 0;
		};
/* End PBXSourcesBuildPhase section */

/* Begin XCBuildConfiguration section */
		AB5C8D712854D87700202146 /* Debug */ = {
			isa = XCBuildConfiguration;
			buildSettings = {
				ALWAYS_SEARCH_USER_PATHS = NO;
				CLANG_ANALYZER_NONNULL = YES;
				CLANG_ANALYZER_NUMBER_OBJECT_CONVERSION = YES_AGGRESSIVE;
				CLANG_CXX_LANGUAGE_STANDARD = "gnu++17";
				CLANG_ENABLE_MODULES = YES;
				CLANG_ENABLE_OBJC_ARC = YES;
				CLANG_ENABLE_OBJC_WEAK = YES;
				CLANG_WARN_BLOCK_CAPTURE_AUTORELEASING = YES;
				CLANG_WARN_BOOL_CONVERSION = YES;
				CLANG_WARN_COMMA = YES;
				CLANG_WARN_CONSTANT_CONVERSION = YES;
				CLANG_WARN_DEPRECATED_OBJC_IMPLEMENTATIONS = YES;
				CLANG_WARN_DIRECT_OBJC_ISA_USAGE = YES_ERROR;
				CLANG_WARN_DOCUMENTATION_COMMENTS = YES;
				CLANG_WARN_EMPTY_BODY = YES;
				CLANG_WARN_ENUM_CONVERSION = YES;
				CLANG_WARN_INFINITE_RECURSION = YES;
				CLANG_WARN_INT_CONVERSION = YES;
				CLANG_WARN_NON_LITERAL_NULL_CONVERSION = YES;
				CLANG_WARN_OBJC_IMPLICIT_RETAIN_SELF = YES;
				CLANG_WARN_OBJC_LITERAL_CONVERSION = YES;
				CLANG_WARN_OBJC_ROOT_CLASS = YES_ERROR;
				CLANG_WARN_QUOTED_INCLUDE_IN_FRAMEWORK_HEADER = YES;
				CLANG_WARN_RANGE_LOOP_ANALYSIS = YES;
				CLANG_WARN_STRICT_PROTOTYPES = YES;
				CLANG_WARN_SUSPICIOUS_MOVE = YES;
				CLANG_WARN_UNGUARDED_AVAILABILITY = YES_AGGRESSIVE;
				CLANG_WARN_UNREACHABLE_CODE = YES;
				CLANG_WARN__DUPLICATE_METHOD_MATCH = YES;
				COPY_PHASE_STRIP = NO;
				DEBUG_INFORMATION_FORMAT = dwarf;
				ENABLE_STRICT_OBJC_MSGSEND = YES;
				ENABLE_TESTABILITY = YES;
				GCC_C_LANGUAGE_STANDARD = gnu11;
				GCC_DYNAMIC_NO_PIC = NO;
				GCC_NO_COMMON_BLOCKS = YES;
				GCC_OPTIMIZATION_LEVEL = 0;
				GCC_PREPROCESSOR_DEFINITIONS = (
					"DEBUG=1",
					"$(inherited)",
				);
				GCC_WARN_64_TO_32_BIT_CONVERSION = YES;
				GCC_WARN_ABOUT_RETURN_TYPE = YES_ERROR;
				GCC_WARN_UNDECLARED_SELECTOR = YES;
				GCC_WARN_UNINITIALIZED_AUTOS = YES_AGGRESSIVE;
				GCC_WARN_UNUSED_FUNCTION = YES;
				GCC_WARN_UNUSED_VARIABLE = YES;
				IPHONEOS_DEPLOYMENT_TARGET = 15.5;
				MTL_ENABLE_DEBUG_INFO = INCLUDE_SOURCE;
				MTL_FAST_MATH = YES;
				ONLY_ACTIVE_ARCH = YES;
				SDKROOT = iphoneos;
				SWIFT_ACTIVE_COMPILATION_CONDITIONS = DEBUG;
				SWIFT_OPTIMIZATION_LEVEL = "-Onone";
			};
			name = Debug;
		};
		AB5C8D722854D87700202146 /* Release */ = {
			isa = XCBuildConfiguration;
			buildSettings = {
				ALWAYS_SEARCH_USER_PATHS = NO;
				CLANG_ANALYZER_NONNULL = YES;
				CLANG_ANALYZER_NUMBER_OBJECT_CONVERSION = YES_AGGRESSIVE;
				CLANG_CXX_LANGUAGE_STANDARD = "gnu++17";
				CLANG_ENABLE_MODULES = YES;
				CLANG_ENABLE_OBJC_ARC = YES;
				CLANG_ENABLE_OBJC_WEAK = YES;
				CLANG_WARN_BLOCK_CAPTURE_AUTORELEASING = YES;
				CLANG_WARN_BOOL_CONVERSION = YES;
				CLANG_WARN_COMMA = YES;
				CLANG_WARN_CONSTANT_CONVERSION = YES;
				CLANG_WARN_DEPRECATED_OBJC_IMPLEMENTATIONS = YES;
				CLANG_WARN_DIRECT_OBJC_ISA_USAGE = YES_ERROR;
				CLANG_WARN_DOCUMENTATION_COMMENTS = YES;
				CLANG_WARN_EMPTY_BODY = YES;
				CLANG_WARN_ENUM_CONVERSION = YES;
				CLANG_WARN_INFINITE_RECURSION = YES;
				CLANG_WARN_INT_CONVERSION = YES;
				CLANG_WARN_NON_LITERAL_NULL_CONVERSION = YES;
				CLANG_WARN_OBJC_IMPLICIT_RETAIN_SELF = YES;
				CLANG_WARN_OBJC_LITERAL_CONVERSION = YES;
				CLANG_WARN_OBJC_ROOT_CLASS = YES_ERROR;
				CLANG_WARN_QUOTED_INCLUDE_IN_FRAMEWORK_HEADER = YES;
				CLANG_WARN_RANGE_LOOP_ANALYSIS = YES;
				CLANG_WARN_STRICT_PROTOTYPES = YES;
				CLANG_WARN_SUSPICIOUS_MOVE = YES;
				CLANG_WARN_UNGUARDED_AVAILABILITY = YES_AGGRESSIVE;
				CLANG_WARN_UNREACHABLE_CODE = YES;
				CLANG_WARN__DUPLICATE_METHOD_MATCH = YES;
				COPY_PHASE_STRIP = NO;
				DEBUG_INFORMATION_FORMAT = "dwarf-with-dsym";
				ENABLE_NS_ASSERTIONS = NO;
				ENABLE_STRICT_OBJC_MSGSEND = YES;
				GCC_C_LANGUAGE_STANDARD = gnu11;
				GCC_NO_COMMON_BLOCKS = YES;
				GCC_WARN_64_TO_32_BIT_CONVERSION = YES;
				GCC_WARN_ABOUT_RETURN_TYPE = YES_ERROR;
				GCC_WARN_UNDECLARED_SELECTOR = YES;
				GCC_WARN_UNINITIALIZED_AUTOS = YES_AGGRESSIVE;
				GCC_WARN_UNUSED_FUNCTION = YES;
				GCC_WARN_UNUSED_VARIABLE = YES;
				IPHONEOS_DEPLOYMENT_TARGET = 15.5;
				MTL_ENABLE_DEBUG_INFO = NO;
				MTL_FAST_MATH = YES;
				SDKROOT = iphoneos;
				SWIFT_COMPILATION_MODE = wholemodule;
				SWIFT_OPTIMIZATION_LEVEL = "-O";
				VALIDATE_PRODUCT = YES;
			};
			name = Release;
		};
		AB5C8D742854D87700202146 /* Debug */ = {
			isa = XCBuildConfiguration;
			buildSettings = {
				ASSETCATALOG_COMPILER_APPICON_NAME = AppIcon;
				ASSETCATALOG_COMPILER_GLOBAL_ACCENT_COLOR_NAME = AccentColor;
				CODE_SIGN_STYLE = Automatic;
				CURRENT_PROJECT_VERSION = 1;
				DEVELOPMENT_ASSET_PATHS = "\"CovStats/Preview Content\"";
				DEVELOPMENT_TEAM = BZ9S44ZL2V;
				ENABLE_PREVIEWS = YES;
				GENERATE_INFOPLIST_FILE = YES;
				INFOPLIST_KEY_UIApplicationSceneManifest_Generation = YES;
				INFOPLIST_KEY_UIApplicationSupportsIndirectInputEvents = YES;
				INFOPLIST_KEY_UILaunchScreen_Generation = YES;
				INFOPLIST_KEY_UISupportedInterfaceOrientations_iPad = "UIInterfaceOrientationPortrait UIInterfaceOrientationPortraitUpsideDown UIInterfaceOrientationLandscapeLeft UIInterfaceOrientationLandscapeRight";
				INFOPLIST_KEY_UISupportedInterfaceOrientations_iPhone = "UIInterfaceOrientationPortrait UIInterfaceOrientationLandscapeLeft UIInterfaceOrientationLandscapeRight";
				IPHONEOS_DEPLOYMENT_TARGET = 15.5;
				LD_RUNPATH_SEARCH_PATHS = (
					"$(inherited)",
					"@executable_path/Frameworks",
				);
				MARKETING_VERSION = 1.0;
				PRODUCT_BUNDLE_IDENTIFIER = com.deka.CovStats;
				PRODUCT_NAME = "$(TARGET_NAME)";
				SWIFT_EMIT_LOC_STRINGS = YES;
				SWIFT_VERSION = 5.0;
				TARGETED_DEVICE_FAMILY = "1,2";
			};
			name = Debug;
		};
		AB5C8D752854D87700202146 /* Release */ = {
			isa = XCBuildConfiguration;
			buildSettings = {
				ASSETCATALOG_COMPILER_APPICON_NAME = AppIcon;
				ASSETCATALOG_COMPILER_GLOBAL_ACCENT_COLOR_NAME = AccentColor;
				CODE_SIGN_STYLE = Automatic;
				CURRENT_PROJECT_VERSION = 1;
				DEVELOPMENT_ASSET_PATHS = "\"CovStats/Preview Content\"";
				DEVELOPMENT_TEAM = BZ9S44ZL2V;
				ENABLE_PREVIEWS = YES;
				GENERATE_INFOPLIST_FILE = YES;
				INFOPLIST_KEY_UIApplicationSceneManifest_Generation = YES;
				INFOPLIST_KEY_UIApplicationSupportsIndirectInputEvents = YES;
				INFOPLIST_KEY_UILaunchScreen_Generation = YES;
				INFOPLIST_KEY_UISupportedInterfaceOrientations_iPad = "UIInterfaceOrientationPortrait UIInterfaceOrientationPortraitUpsideDown UIInterfaceOrientationLandscapeLeft UIInterfaceOrientationLandscapeRight";
				INFOPLIST_KEY_UISupportedInterfaceOrientations_iPhone = "UIInterfaceOrientationPortrait UIInterfaceOrientationLandscapeLeft UIInterfaceOrientationLandscapeRight";
				IPHONEOS_DEPLOYMENT_TARGET = 15.5;
				LD_RUNPATH_SEARCH_PATHS = (
					"$(inherited)",
					"@executable_path/Frameworks",
				);
				MARKETING_VERSION = 1.0;
				PRODUCT_BUNDLE_IDENTIFIER = com.deka.CovStats;
				PRODUCT_NAME = "$(TARGET_NAME)";
				SWIFT_EMIT_LOC_STRINGS = YES;
				SWIFT_VERSION = 5.0;
				TARGETED_DEVICE_FAMILY = "1,2";
			};
			name = Release;
		};
/* End XCBuildConfiguration section */

/* Begin XCConfigurationList section */
		AB5C8D602854D87600202146 /* Build configuration list for PBXProject "CovStats" */ = {
			isa = XCConfigurationList;
			buildConfigurations = (
				AB5C8D712854D87700202146 /* Debug */,
				AB5C8D722854D87700202146 /* Release */,
			);
			defaultConfigurationIsVisible = 0;
			defaultConfigurationName = Release;
		};
		AB5C8D732854D87700202146 /* Build configuration list for PBXNativeTarget "CovStats" */ = {
			isa = XCConfigurationList;
			buildConfigurations = (
				AB5C8D742854D87700202146 /* Debug */,
				AB5C8D752854D87700202146 /* Release */,
			);
			defaultConfigurationIsVisible = 0;
			defaultConfigurationName = Release;
		};
/* End XCConfigurationList section */
	};
	rootObject = AB5C8D5D2854D87600202146 /* Project object */;
}
